
Microsoft Visual Studio Solution File, Format Version 12.00
# Visual Studio Version 16
VisualStudioVersion = 16.0.31624.102
MinimumVisualStudioVersion = 10.0.40219.1
Project("{8BC9CEB8-8B4A-11D0-8D11-00A0C91BC942}") = "Lab_6.32", "Lab_6.32\Lab_6.32.vcxproj", "{996196C9-793F-424D-AB4B-C8BF7ECD7036}"
EndProject
Project("{8BC9CEB8-8B4A-11D0-8D11-00A0C91BC942}") = "UnitTest1", "UnitTest1\UnitTest1.vcxproj", "{61223CCE-AA0C-4750-B410-3A537CCC7D02}"
EndProject
Global
	GlobalSection(SolutionConfigurationPlatforms) = preSolution
		Debug|x64 = Debug|x64
		Debug|x86 = Debug|x86
		Release|x64 = Release|x64
		Release|x86 = Release|x86
	EndGlobalSection
	GlobalSection(ProjectConfigurationPlatforms) = postSolution
		{996196C9-793F-424D-AB4B-C8BF7ECD7036}.Debug|x64.ActiveCfg = Debug|x64
		{996196C9-793F-424D-AB4B-C8BF7ECD7036}.Debug|x64.Build.0 = Debug|x64
		{996196C9-793F-424D-AB4B-C8BF7ECD7036}.Debug|x86.ActiveCfg = Debug|Win32
		{996196C9-793F-424D-AB4B-C8BF7ECD7036}.Debug|x86.Build.0 = Debug|Win32
		{996196C9-793F-424D-AB4B-C8BF7ECD7036}.Release|x64.ActiveCfg = Release|x64
		{996196C9-793F-424D-AB4B-C8BF7ECD7036}.Release|x64.Build.0 = Release|x64
		{996196C9-793F-424D-AB4B-C8BF7ECD7036}.Release|x86.ActiveCfg = Release|Win32
		{996196C9-793F-424D-AB4B-C8BF7ECD7036}.Release|x86.Build.0 = Release|Win32
		{61223CCE-AA0C-4750-B410-3A537CCC7D02}.Debug|x64.ActiveCfg = Debug|x64
		{61223CCE-AA0C-4750-B410-3A537CCC7D02}.Debug|x64.Build.0 = Debug|x64
		{61223CCE-AA0C-4750-B410-3A537CCC7D02}.Debug|x86.ActiveCfg = Debug|Win32
		{61223CCE-AA0C-4750-B410-3A537CCC7D02}.Debug|x86.Build.0 = Debug|Win32
		{61223CCE-AA0C-4750-B410-3A537CCC7D02}.Release|x64.ActiveCfg = Release|x64
		{61223CCE-AA0C-4750-B410-3A537CCC7D02}.Release|x64.Build.0 = Release|x64
		{61223CCE-AA0C-4750-B410-3A537CCC7D02}.Release|x86.ActiveCfg = Release|Win32
		{61223CCE-AA0C-4750-B410-3A537CCC7D02}.Release|x86.Build.0 = Release|Win32
	EndGlobalSection
	GlobalSection(SolutionProperties) = preSolution
		HideSolutionNode = FALSE
	EndGlobalSection
	GlobalSection(ExtensibilityGlobals) = postSolution
		SolutionGuid = {43BB2FCE-9DB5-4A40-9535-459D1BCBCFE4}
	EndGlobalSection
EndGlobal
